
Microsoft Visual Studio Solution File, Format Version 12.00
# Visual Studio Version 17
VisualStudioVersion = 17.8.34316.72
MinimumVisualStudioVersion = 10.0.40219.1
Project("{FAE04EC0-301F-11D3-BF4B-00C04F79EFBC}") = "Methods-5---OndernemingsNummer", "Methods-5---OndernemingsNummer\Methods-5---OndernemingsNummer.csproj", "{3AF307B8-C7DB-4DC5-8B94-8165A412A16F}"
EndProject
Global
	GlobalSection(SolutionConfigurationPlatforms) = preSolution
		Debug|Any CPU = Debug|Any CPU
		Release|Any CPU = Release|Any CPU
	EndGlobalSection
	GlobalSection(ProjectConfigurationPlatforms) = postSolution
		{3AF307B8-C7DB-4DC5-8B94-8165A412A16F}.Debug|Any CPU.ActiveCfg = Debug|Any CPU
		{3AF307B8-C7DB-4DC5-8B94-8165A412A16F}.Debug|Any CPU.Build.0 = Debug|Any CPU
		{3AF307B8-C7DB-4DC5-8B94-8165A412A16F}.Release|Any CPU.ActiveCfg = Release|Any CPU
		{3AF307B8-C7DB-4DC5-8B94-8165A412A16F}.Release|Any CPU.Build.0 = Release|Any CPU
	EndGlobalSection
	GlobalSection(SolutionProperties) = preSolution
		HideSolutionNode = FALSE
	EndGlobalSection
	GlobalSection(ExtensibilityGlobals) = postSolution
		SolutionGuid = {D3724B79-D261-47A6-9F2A-5F3655972019}
	EndGlobalSection
EndGlobal
